
Microsoft Visual Studio Solution File, Format Version 12.00
# Visual Studio 15
VisualStudioVersion = 15.0.26730.16
MinimumVisualStudioVersion = 10.0.40219.1
Project("{FAE04EC0-301F-11D3-BF4B-00C04F79EFBC}") = "MySkinSelfie", "SkinSelfie\SkinSelfie\MySkinSelfie.csproj", "{1E2019AB-E3C5-47F1-AA15-09A863630AC9}"
EndProject
Project("{FAE04EC0-301F-11D3-BF4B-00C04F79EFBC}") = "SkinSelfie.iOS", "SkinSelfie\SkinSelfie.iOS\SkinSelfie.iOS.csproj", "{9D0E055A-1258-4E8A-B15C-F804E6115C71}"
EndProject
Project("{FAE04EC0-301F-11D3-BF4B-00C04F79EFBC}") = "SkinSelfie.Droid", "SkinSelfie\SkinSelfie.Droid\SkinSelfie.Droid.csproj", "{0FFEC1A5-5757-4485-A68C-FC75FAF40917}"
EndProject
Project("{FAE04EC0-301F-11D3-BF4B-00C04F79EFBC}") = "SkinSelfie.Repository", "SkinSelfie.Repository\SkinSelfie.Repository.csproj", "{49D6815D-D2CB-4949-8E60-2B0D68B5ADDF}"
EndProject
Project("{FAE04EC0-301F-11D3-BF4B-00C04F79EFBC}") = "SkinSelfie.ServiceData", "ServiceData\SkinSelfie.ServiceData.csproj", "{E54F584C-76DF-42A0-A1A9-04C97879F54D}"
EndProject
Project("{FAE04EC0-301F-11D3-BF4B-00C04F79EFBC}") = "SkinSelfie.WebAPI", "SkinSelfie.WebAPI\SkinSelfie.WebAPI.csproj", "{3A25370B-23B0-4B82-8DEE-075CDD8E37D5}"
EndProject
Project("{9344BDBB-3E7F-41FC-A0DD-8665D75EE146}") = "SkinSelfie.DB", "SkinSelfie.DB\SkinSelfie.DB.sqlproj", "{050543CD-167B-4533-84BC-E1F1BFD6129E}"
EndProject
Global
	GlobalSection(SolutionConfigurationPlatforms) = preSolution
		Ad-Hoc|Any CPU = Ad-Hoc|Any CPU
		Ad-Hoc|ARM = Ad-Hoc|ARM
		Ad-Hoc|iPhone = Ad-Hoc|iPhone
		Ad-Hoc|iPhoneSimulator = Ad-Hoc|iPhoneSimulator
		Ad-Hoc|x86 = Ad-Hoc|x86
		AppStore|Any CPU = AppStore|Any CPU
		AppStore|ARM = AppStore|ARM
		AppStore|iPhone = AppStore|iPhone
		AppStore|iPhoneSimulator = AppStore|iPhoneSimulator
		AppStore|x86 = AppStore|x86
		Debug|Any CPU = Debug|Any CPU
		Debug|ARM = Debug|ARM
		Debug|iPhone = Debug|iPhone
		Debug|iPhoneSimulator = Debug|iPhoneSimulator
		Debug|x86 = Debug|x86
		Release|Any CPU = Release|Any CPU
		Release|ARM = Release|ARM
		Release|iPhone = Release|iPhone
		Release|iPhoneSimulator = Release|iPhoneSimulator
		Release|x86 = Release|x86
	EndGlobalSection
	GlobalSection(ProjectConfigurationPlatforms) = postSolution
		{1E2019AB-E3C5-47F1-AA15-09A863630AC9}.Ad-Hoc|Any CPU.ActiveCfg = Release|Any CPU
		{1E2019AB-E3C5-47F1-AA15-09A863630AC9}.Ad-Hoc|Any CPU.Build.0 = Release|Any CPU
		{1E2019AB-E3C5-47F1-AA15-09A863630AC9}.Ad-Hoc|ARM.ActiveCfg = Release|Any CPU
		{1E2019AB-E3C5-47F1-AA15-09A863630AC9}.Ad-Hoc|ARM.Build.0 = Release|Any CPU
		{1E2019AB-E3C5-47F1-AA15-09A863630AC9}.Ad-Hoc|iPhone.ActiveCfg = Release|Any CPU
		{1E2019AB-E3C5-47F1-AA15-09A863630AC9}.Ad-Hoc|iPhone.Build.0 = Release|Any CPU
		{1E2019AB-E3C5-47F1-AA15-09A863630AC9}.Ad-Hoc|iPhoneSimulator.ActiveCfg = Release|Any CPU
		{1E2019AB-E3C5-47F1-AA15-09A863630AC9}.Ad-Hoc|iPhoneSimulator.Build.0 = Release|Any CPU
		{1E2019AB-E3C5-47F1-AA15-09A863630AC9}.Ad-Hoc|x86.ActiveCfg = Release|Any CPU
		{1E2019AB-E3C5-47F1-AA15-09A863630AC9}.Ad-Hoc|x86.Build.0 = Release|Any CPU
		{1E2019AB-E3C5-47F1-AA15-09A863630AC9}.AppStore|Any CPU.ActiveCfg = Release|Any CPU
		{1E2019AB-E3C5-47F1-AA15-09A863630AC9}.AppStore|Any CPU.Build.0 = Release|Any CPU
		{1E2019AB-E3C5-47F1-AA15-09A863630AC9}.AppStore|ARM.ActiveCfg = Release|Any CPU
		{1E2019AB-E3C5-47F1-AA15-09A863630AC9}.AppStore|ARM.Build.0 = Release|Any CPU
		{1E2019AB-E3C5-47F1-AA15-09A863630AC9}.AppStore|iPhone.ActiveCfg = Release|Any CPU
		{1E2019AB-E3C5-47F1-AA15-09A863630AC9}.AppStore|iPhone.Build.0 = Release|Any CPU
		{1E2019AB-E3C5-47F1-AA15-09A863630AC9}.AppStore|iPhoneSimulator.ActiveCfg = Release|Any CPU
		{1E2019AB-E3C5-47F1-AA15-09A863630AC9}.AppStore|iPhoneSimulator.Build.0 = Release|Any CPU
		{1E2019AB-E3C5-47F1-AA15-09A863630AC9}.AppStore|x86.ActiveCfg = Release|Any CPU
		{1E2019AB-E3C5-47F1-AA15-09A863630AC9}.AppStore|x86.Build.0 = Release|Any CPU
		{1E2019AB-E3C5-47F1-AA15-09A863630AC9}.Debug|Any CPU.ActiveCfg = Debug|Any CPU
		{1E2019AB-E3C5-47F1-AA15-09A863630AC9}.Debug|Any CPU.Build.0 = Debug|Any CPU
		{1E2019AB-E3C5-47F1-AA15-09A863630AC9}.Debug|ARM.ActiveCfg = Debug|Any CPU
		{1E2019AB-E3C5-47F1-AA15-09A863630AC9}.Debug|ARM.Build.0 = Debug|Any CPU
		{1E2019AB-E3C5-47F1-AA15-09A863630AC9}.Debug|iPhone.ActiveCfg = Debug|Any CPU
		{1E2019AB-E3C5-47F1-AA15-09A863630AC9}.Debug|iPhone.Build.0 = Debug|Any CPU
		{1E2019AB-E3C5-47F1-AA15-09A863630AC9}.Debug|iPhoneSimulator.ActiveCfg = Debug|Any CPU
		{1E2019AB-E3C5-47F1-AA15-09A863630AC9}.Debug|iPhoneSimulator.Build.0 = Debug|Any CPU
		{1E2019AB-E3C5-47F1-AA15-09A863630AC9}.Debug|x86.ActiveCfg = Debug|Any CPU
		{1E2019AB-E3C5-47F1-AA15-09A863630AC9}.Debug|x86.Build.0 = Debug|Any CPU
		{1E2019AB-E3C5-47F1-AA15-09A863630AC9}.Release|Any CPU.ActiveCfg = Release|Any CPU
		{1E2019AB-E3C5-47F1-AA15-09A863630AC9}.Release|Any CPU.Build.0 = Release|Any CPU
		{1E2019AB-E3C5-47F1-AA15-09A863630AC9}.Release|ARM.ActiveCfg = Release|Any CPU
		{1E2019AB-E3C5-47F1-AA15-09A863630AC9}.Release|ARM.Build.0 = Release|Any CPU
		{1E2019AB-E3C5-47F1-AA15-09A863630AC9}.Release|iPhone.ActiveCfg = Release|Any CPU
		{1E2019AB-E3C5-47F1-AA15-09A863630AC9}.Release|iPhone.Build.0 = Release|Any CPU
		{1E2019AB-E3C5-47F1-AA15-09A863630AC9}.Release|iPhoneSimulator.ActiveCfg = Release|Any CPU
		{1E2019AB-E3C5-47F1-AA15-09A863630AC9}.Release|iPhoneSimulator.Build.0 = Release|Any CPU
		{1E2019AB-E3C5-47F1-AA15-09A863630AC9}.Release|x86.ActiveCfg = Release|Any CPU
		{1E2019AB-E3C5-47F1-AA15-09A863630AC9}.Release|x86.Build.0 = Release|Any CPU
		{9D0E055A-1258-4E8A-B15C-F804E6115C71}.Ad-Hoc|Any CPU.ActiveCfg = Ad-Hoc|iPhone
		{9D0E055A-1258-4E8A-B15C-F804E6115C71}.Ad-Hoc|ARM.ActiveCfg = Ad-Hoc|iPhone
		{9D0E055A-1258-4E8A-B15C-F804E6115C71}.Ad-Hoc|iPhone.ActiveCfg = Ad-Hoc|iPhone
		{9D0E055A-1258-4E8A-B15C-F804E6115C71}.Ad-Hoc|iPhone.Build.0 = Ad-Hoc|iPhone
		{9D0E055A-1258-4E8A-B15C-F804E6115C71}.Ad-Hoc|iPhoneSimulator.ActiveCfg = Ad-Hoc|iPhoneSimulator
		{9D0E055A-1258-4E8A-B15C-F804E6115C71}.Ad-Hoc|iPhoneSimulator.Build.0 = Ad-Hoc|iPhoneSimulator
		{9D0E055A-1258-4E8A-B15C-F804E6115C71}.Ad-Hoc|x86.ActiveCfg = Ad-Hoc|iPhone
		{9D0E055A-1258-4E8A-B15C-F804E6115C71}.AppStore|Any CPU.ActiveCfg = AppStore|iPhone
		{9D0E055A-1258-4E8A-B15C-F804E6115C71}.AppStore|ARM.ActiveCfg = AppStore|iPhone
		{9D0E055A-1258-4E8A-B15C-F804E6115C71}.AppStore|iPhone.ActiveCfg = AppStore|iPhone
		{9D0E055A-1258-4E8A-B15C-F804E6115C71}.AppStore|iPhone.Build.0 = AppStore|iPhone
		{9D0E055A-1258-4E8A-B15C-F804E6115C71}.AppStore|iPhoneSimulator.ActiveCfg = AppStore|iPhoneSimulator
		{9D0E055A-1258-4E8A-B15C-F804E6115C71}.AppStore|iPhoneSimulator.Build.0 = AppStore|iPhoneSimulator
		{9D0E055A-1258-4E8A-B15C-F804E6115C71}.AppStore|x86.ActiveCfg = AppStore|iPhone
		{9D0E055A-1258-4E8A-B15C-F804E6115C71}.Debug|Any CPU.ActiveCfg = Debug|iPhone
		{9D0E055A-1258-4E8A-B15C-F804E6115C71}.Debug|Any CPU.Build.0 = Debug|iPhone
		{9D0E055A-1258-4E8A-B15C-F804E6115C71}.Debug|ARM.ActiveCfg = Debug|iPhone
		{9D0E055A-1258-4E8A-B15C-F804E6115C71}.Debug|iPhone.ActiveCfg = Debug|iPhone
		{9D0E055A-1258-4E8A-B15C-F804E6115C71}.Debug|iPhone.Build.0 = Debug|iPhone
		{9D0E055A-1258-4E8A-B15C-F804E6115C71}.Debug|iPhoneSimulator.ActiveCfg = Debug|iPhoneSimulator
		{9D0E055A-1258-4E8A-B15C-F804E6115C71}.Debug|iPhoneSimulator.Build.0 = Debug|iPhoneSimulator
		{9D0E055A-1258-4E8A-B15C-F804E6115C71}.Debug|x86.ActiveCfg = Debug|iPhone
		{9D0E055A-1258-4E8A-B15C-F804E6115C71}.Release|Any CPU.ActiveCfg = Release|iPhone
		{9D0E055A-1258-4E8A-B15C-F804E6115C71}.Release|ARM.ActiveCfg = Release|iPhone
		{9D0E055A-1258-4E8A-B15C-F804E6115C71}.Release|iPhone.ActiveCfg = Release|iPhone
		{9D0E055A-1258-4E8A-B15C-F804E6115C71}.Release|iPhone.Build.0 = Release|iPhone
		{9D0E055A-1258-4E8A-B15C-F804E6115C71}.Release|iPhoneSimulator.ActiveCfg = Release|iPhoneSimulator
		{9D0E055A-1258-4E8A-B15C-F804E6115C71}.Release|iPhoneSimulator.Build.0 = Release|iPhoneSimulator
		{9D0E055A-1258-4E8A-B15C-F804E6115C71}.Release|x86.ActiveCfg = Release|iPhone
		{0FFEC1A5-5757-4485-A68C-FC75FAF40917}.Ad-Hoc|Any CPU.ActiveCfg = Release|Any CPU
		{0FFEC1A5-5757-4485-A68C-FC75FAF40917}.Ad-Hoc|Any CPU.Build.0 = Release|Any CPU
		{0FFEC1A5-5757-4485-A68C-FC75FAF40917}.Ad-Hoc|Any CPU.Deploy.0 = Release|Any CPU
		{0FFEC1A5-5757-4485-A68C-FC75FAF40917}.Ad-Hoc|ARM.ActiveCfg = Release|Any CPU
		{0FFEC1A5-5757-4485-A68C-FC75FAF40917}.Ad-Hoc|ARM.Build.0 = Release|Any CPU
		{0FFEC1A5-5757-4485-A68C-FC75FAF40917}.Ad-Hoc|ARM.Deploy.0 = Release|Any CPU
		{0FFEC1A5-5757-4485-A68C-FC75FAF40917}.Ad-Hoc|iPhone.ActiveCfg = Release|Any CPU
		{0FFEC1A5-5757-4485-A68C-FC75FAF40917}.Ad-Hoc|iPhone.Build.0 = Release|Any CPU
		{0FFEC1A5-5757-4485-A68C-FC75FAF40917}.Ad-Hoc|iPhone.Deploy.0 = Release|Any CPU
		{0FFEC1A5-5757-4485-A68C-FC75FAF40917}.Ad-Hoc|iPhoneSimulator.ActiveCfg = Release|Any CPU
		{0FFEC1A5-5757-4485-A68C-FC75FAF40917}.Ad-Hoc|iPhoneSimulator.Build.0 = Release|Any CPU
		{0FFEC1A5-5757-4485-A68C-FC75FAF40917}.Ad-Hoc|iPhoneSimulator.Deploy.0 = Release|Any CPU
		{0FFEC1A5-5757-4485-A68C-FC75FAF40917}.Ad-Hoc|x86.ActiveCfg = Release|Any CPU
		{0FFEC1A5-5757-4485-A68C-FC75FAF40917}.Ad-Hoc|x86.Build.0 = Release|Any CPU
		{0FFEC1A5-5757-4485-A68C-FC75FAF40917}.Ad-Hoc|x86.Deploy.0 = Release|Any CPU
		{0FFEC1A5-5757-4485-A68C-FC75FAF40917}.AppStore|Any CPU.ActiveCfg = Release|Any CPU
		{0FFEC1A5-5757-4485-A68C-FC75FAF40917}.AppStore|Any CPU.Build.0 = Release|Any CPU
		{0FFEC1A5-5757-4485-A68C-FC75FAF40917}.AppStore|Any CPU.Deploy.0 = Release|Any CPU
		{0FFEC1A5-5757-4485-A68C-FC75FAF40917}.AppStore|ARM.ActiveCfg = Release|Any CPU
		{0FFEC1A5-5757-4485-A68C-FC75FAF40917}.AppStore|ARM.Build.0 = Release|Any CPU
		{0FFEC1A5-5757-4485-A68C-FC75FAF40917}.AppStore|ARM.Deploy.0 = Release|Any CPU
		{0FFEC1A5-5757-4485-A68C-FC75FAF40917}.AppStore|iPhone.ActiveCfg = Release|Any CPU
		{0FFEC1A5-5757-4485-A68C-FC75FAF40917}.AppStore|iPhone.Build.0 = Release|Any CPU
		{0FFEC1A5-5757-4485-A68C-FC75FAF40917}.AppStore|iPhone.Deploy.0 = Release|Any CPU
		{0FFEC1A5-5757-4485-A68C-FC75FAF40917}.AppStore|iPhoneSimulator.ActiveCfg = Release|Any CPU
		{0FFEC1A5-5757-4485-A68C-FC75FAF40917}.AppStore|iPhoneSimulator.Build.0 = Release|Any CPU
		{0FFEC1A5-5757-4485-A68C-FC75FAF40917}.AppStore|iPhoneSimulator.Deploy.0 = Release|Any CPU
		{0FFEC1A5-5757-4485-A68C-FC75FAF40917}.AppStore|x86.ActiveCfg = Release|Any CPU
		{0FFEC1A5-5757-4485-A68C-FC75FAF40917}.AppStore|x86.Build.0 = Release|Any CPU
		{0FFEC1A5-5757-4485-A68C-FC75FAF40917}.AppStore|x86.Deploy.0 = Release|Any CPU
		{0FFEC1A5-5757-4485-A68C-FC75FAF40917}.Debug|Any CPU.ActiveCfg = Debug|Any CPU
		{0FFEC1A5-5757-4485-A68C-FC75FAF40917}.Debug|Any CPU.Build.0 = Debug|Any CPU
		{0FFEC1A5-5757-4485-A68C-FC75FAF40917}.Debug|Any CPU.Deploy.0 = Debug|Any CPU
		{0FFEC1A5-5757-4485-A68C-FC75FAF40917}.Debug|ARM.ActiveCfg = Debug|Any CPU
		{0FFEC1A5-5757-4485-A68C-FC75FAF40917}.Debug|ARM.Build.0 = Debug|Any CPU
		{0FFEC1A5-5757-4485-A68C-FC75FAF40917}.Debug|ARM.Deploy.0 = Debug|Any CPU
		{0FFEC1A5-5757-4485-A68C-FC75FAF40917}.Debug|iPhone.ActiveCfg = Debug|Any CPU
		{0FFEC1A5-5757-4485-A68C-FC75FAF40917}.Debug|iPhone.Deploy.0 = Debug|Any CPU
		{0FFEC1A5-5757-4485-A68C-FC75FAF40917}.Debug|iPhoneSimulator.ActiveCfg = Debug|Any CPU
		{0FFEC1A5-5757-4485-A68C-FC75FAF40917}.Debug|iPhoneSimulator.Deploy.0 = Debug|Any CPU
		{0FFEC1A5-5757-4485-A68C-FC75FAF40917}.Debug|x86.ActiveCfg = Debug|Any CPU
		{0FFEC1A5-5757-4485-A68C-FC75FAF40917}.Debug|x86.Build.0 = Debug|Any CPU
		{0FFEC1A5-5757-4485-A68C-FC75FAF40917}.Debug|x86.Deploy.0 = Debug|Any CPU
		{0FFEC1A5-5757-4485-A68C-FC75FAF40917}.Release|Any CPU.ActiveCfg = Release|Any CPU
		{0FFEC1A5-5757-4485-A68C-FC75FAF40917}.Release|Any CPU.Build.0 = Release|Any CPU
		{0FFEC1A5-5757-4485-A68C-FC75FAF40917}.Release|Any CPU.Deploy.0 = Release|Any CPU
		{0FFEC1A5-5757-4485-A68C-FC75FAF40917}.Release|ARM.ActiveCfg = Release|Any CPU
		{0FFEC1A5-5757-4485-A68C-FC75FAF40917}.Release|ARM.Build.0 = Release|Any CPU
		{0FFEC1A5-5757-4485-A68C-FC75FAF40917}.Release|ARM.Deploy.0 = Release|Any CPU
		{0FFEC1A5-5757-4485-A68C-FC75FAF40917}.Release|iPhone.ActiveCfg = Release|Any CPU
		{0FFEC1A5-5757-4485-A68C-FC75FAF40917}.Release|iPhone.Build.0 = Release|Any CPU
		{0FFEC1A5-5757-4485-A68C-FC75FAF40917}.Release|iPhone.Deploy.0 = Release|Any CPU
		{0FFEC1A5-5757-4485-A68C-FC75FAF40917}.Release|iPhoneSimulator.ActiveCfg = Release|Any CPU
		{0FFEC1A5-5757-4485-A68C-FC75FAF40917}.Release|iPhoneSimulator.Build.0 = Release|Any CPU
		{0FFEC1A5-5757-4485-A68C-FC75FAF40917}.Release|iPhoneSimulator.Deploy.0 = Release|Any CPU
		{0FFEC1A5-5757-4485-A68C-FC75FAF40917}.Release|x86.ActiveCfg = Release|Any CPU
		{0FFEC1A5-5757-4485-A68C-FC75FAF40917}.Release|x86.Build.0 = Release|Any CPU
		{0FFEC1A5-5757-4485-A68C-FC75FAF40917}.Release|x86.Deploy.0 = Release|Any CPU
		{49D6815D-D2CB-4949-8E60-2B0D68B5ADDF}.Ad-Hoc|Any CPU.ActiveCfg = Release|Any CPU
		{49D6815D-D2CB-4949-8E60-2B0D68B5ADDF}.Ad-Hoc|Any CPU.Build.0 = Release|Any CPU
		{49D6815D-D2CB-4949-8E60-2B0D68B5ADDF}.Ad-Hoc|ARM.ActiveCfg = Release|Any CPU
		{49D6815D-D2CB-4949-8E60-2B0D68B5ADDF}.Ad-Hoc|ARM.Build.0 = Release|Any CPU
		{49D6815D-D2CB-4949-8E60-2B0D68B5ADDF}.Ad-Hoc|iPhone.ActiveCfg = Release|Any CPU
		{49D6815D-D2CB-4949-8E60-2B0D68B5ADDF}.Ad-Hoc|iPhone.Build.0 = Release|Any CPU
		{49D6815D-D2CB-4949-8E60-2B0D68B5ADDF}.Ad-Hoc|iPhoneSimulator.ActiveCfg = Release|Any CPU
		{49D6815D-D2CB-4949-8E60-2B0D68B5ADDF}.Ad-Hoc|iPhoneSimulator.Build.0 = Release|Any CPU
		{49D6815D-D2CB-4949-8E60-2B0D68B5ADDF}.Ad-Hoc|x86.ActiveCfg = Release|Any CPU
		{49D6815D-D2CB-4949-8E60-2B0D68B5ADDF}.Ad-Hoc|x86.Build.0 = Release|Any CPU
		{49D6815D-D2CB-4949-8E60-2B0D68B5ADDF}.AppStore|Any CPU.ActiveCfg = Release|Any CPU
		{49D6815D-D2CB-4949-8E60-2B0D68B5ADDF}.AppStore|Any CPU.Build.0 = Release|Any CPU
		{49D6815D-D2CB-4949-8E60-2B0D68B5ADDF}.AppStore|ARM.ActiveCfg = Release|Any CPU
		{49D6815D-D2CB-4949-8E60-2B0D68B5ADDF}.AppStore|ARM.Build.0 = Release|Any CPU
		{49D6815D-D2CB-4949-8E60-2B0D68B5ADDF}.AppStore|iPhone.ActiveCfg = Release|Any CPU
		{49D6815D-D2CB-4949-8E60-2B0D68B5ADDF}.AppStore|iPhone.Build.0 = Release|Any CPU
		{49D6815D-D2CB-4949-8E60-2B0D68B5ADDF}.AppStore|iPhoneSimulator.ActiveCfg = Release|Any CPU
		{49D6815D-D2CB-4949-8E60-2B0D68B5ADDF}.AppStore|iPhoneSimulator.Build.0 = Release|Any CPU
		{49D6815D-D2CB-4949-8E60-2B0D68B5ADDF}.AppStore|x86.ActiveCfg = Release|Any CPU
		{49D6815D-D2CB-4949-8E60-2B0D68B5ADDF}.AppStore|x86.Build.0 = Release|Any CPU
		{49D6815D-D2CB-4949-8E60-2B0D68B5ADDF}.Debug|Any CPU.ActiveCfg = Debug|Any CPU
		{49D6815D-D2CB-4949-8E60-2B0D68B5ADDF}.Debug|Any CPU.Build.0 = Debug|Any CPU
		{49D6815D-D2CB-4949-8E60-2B0D68B5ADDF}.Debug|ARM.ActiveCfg = Debug|Any CPU
		{49D6815D-D2CB-4949-8E60-2B0D68B5ADDF}.Debug|ARM.Build.0 = Debug|Any CPU
		{49D6815D-D2CB-4949-8E60-2B0D68B5ADDF}.Debug|iPhone.ActiveCfg = Debug|Any CPU
		{49D6815D-D2CB-4949-8E60-2B0D68B5ADDF}.Debug|iPhoneSimulator.ActiveCfg = Debug|Any CPU
		{49D6815D-D2CB-4949-8E60-2B0D68B5ADDF}.Debug|x86.ActiveCfg = Debug|Any CPU
		{49D6815D-D2CB-4949-8E60-2B0D68B5ADDF}.Debug|x86.Build.0 = Debug|Any CPU
		{49D6815D-D2CB-4949-8E60-2B0D68B5ADDF}.Release|Any CPU.ActiveCfg = Release|Any CPU
		{49D6815D-D2CB-4949-8E60-2B0D68B5ADDF}.Release|Any CPU.Build.0 = Release|Any CPU
		{49D6815D-D2CB-4949-8E60-2B0D68B5ADDF}.Release|ARM.ActiveCfg = Release|Any CPU
		{49D6815D-D2CB-4949-8E60-2B0D68B5ADDF}.Release|ARM.Build.0 = Release|Any CPU
		{49D6815D-D2CB-4949-8E60-2B0D68B5ADDF}.Release|iPhone.ActiveCfg = Release|Any CPU
		{49D6815D-D2CB-4949-8E60-2B0D68B5ADDF}.Release|iPhone.Build.0 = Release|Any CPU
		{49D6815D-D2CB-4949-8E60-2B0D68B5ADDF}.Release|iPhoneSimulator.ActiveCfg = Release|Any CPU
		{49D6815D-D2CB-4949-8E60-2B0D68B5ADDF}.Release|iPhoneSimulator.Build.0 = Release|Any CPU
		{49D6815D-D2CB-4949-8E60-2B0D68B5ADDF}.Release|x86.ActiveCfg = Release|Any CPU
		{49D6815D-D2CB-4949-8E60-2B0D68B5ADDF}.Release|x86.Build.0 = Release|Any CPU
		{E54F584C-76DF-42A0-A1A9-04C97879F54D}.Ad-Hoc|Any CPU.ActiveCfg = Release|Any CPU
		{E54F584C-76DF-42A0-A1A9-04C97879F54D}.Ad-Hoc|Any CPU.Build.0 = Release|Any CPU
		{E54F584C-76DF-42A0-A1A9-04C97879F54D}.Ad-Hoc|ARM.ActiveCfg = Release|Any CPU
		{E54F584C-76DF-42A0-A1A9-04C97879F54D}.Ad-Hoc|ARM.Build.0 = Release|Any CPU
		{E54F584C-76DF-42A0-A1A9-04C97879F54D}.Ad-Hoc|iPhone.ActiveCfg = Release|Any CPU
		{E54F584C-76DF-42A0-A1A9-04C97879F54D}.Ad-Hoc|iPhone.Build.0 = Release|Any CPU
		{E54F584C-76DF-42A0-A1A9-04C97879F54D}.Ad-Hoc|iPhoneSimulator.ActiveCfg = Release|Any CPU
		{E54F584C-76DF-42A0-A1A9-04C97879F54D}.Ad-Hoc|iPhoneSimulator.Build.0 = Release|Any CPU
		{E54F584C-76DF-42A0-A1A9-04C97879F54D}.Ad-Hoc|x86.ActiveCfg = Release|Any CPU
		{E54F584C-76DF-42A0-A1A9-04C97879F54D}.Ad-Hoc|x86.Build.0 = Release|Any CPU
		{E54F584C-76DF-42A0-A1A9-04C97879F54D}.AppStore|Any CPU.ActiveCfg = Release|Any CPU
		{E54F584C-76DF-42A0-A1A9-04C97879F54D}.AppStore|Any CPU.Build.0 = Release|Any CPU
		{E54F584C-76DF-42A0-A1A9-04C97879F54D}.AppStore|ARM.ActiveCfg = Release|Any CPU
		{E54F584C-76DF-42A0-A1A9-04C97879F54D}.AppStore|ARM.Build.0 = Release|Any CPU
		{E54F584C-76DF-42A0-A1A9-04C97879F54D}.AppStore|iPhone.ActiveCfg = Release|Any CPU
		{E54F584C-76DF-42A0-A1A9-04C97879F54D}.AppStore|iPhone.Build.0 = Release|Any CPU
		{E54F584C-76DF-42A0-A1A9-04C97879F54D}.AppStore|iPhoneSimulator.ActiveCfg = Release|Any CPU
		{E54F584C-76DF-42A0-A1A9-04C97879F54D}.AppStore|iPhoneSimulator.Build.0 = Release|Any CPU
		{E54F584C-76DF-42A0-A1A9-04C97879F54D}.AppStore|x86.ActiveCfg = Release|Any CPU
		{E54F584C-76DF-42A0-A1A9-04C97879F54D}.AppStore|x86.Build.0 = Release|Any CPU
		{E54F584C-76DF-42A0-A1A9-04C97879F54D}.Debug|Any CPU.ActiveCfg = Debug|Any CPU
		{E54F584C-76DF-42A0-A1A9-04C97879F54D}.Debug|Any CPU.Build.0 = Debug|Any CPU
		{E54F584C-76DF-42A0-A1A9-04C97879F54D}.Debug|ARM.ActiveCfg = Debug|Any CPU
		{E54F584C-76DF-42A0-A1A9-04C97879F54D}.Debug|ARM.Build.0 = Debug|Any CPU
		{E54F584C-76DF-42A0-A1A9-04C97879F54D}.Debug|iPhone.ActiveCfg = Debug|Any CPU
		{E54F584C-76DF-42A0-A1A9-04C97879F54D}.Debug|iPhoneSimulator.ActiveCfg = Debug|Any CPU
		{E54F584C-76DF-42A0-A1A9-04C97879F54D}.Debug|x86.ActiveCfg = Debug|Any CPU
		{E54F584C-76DF-42A0-A1A9-04C97879F54D}.Debug|x86.Build.0 = Debug|Any CPU
		{E54F584C-76DF-42A0-A1A9-04C97879F54D}.Release|Any CPU.ActiveCfg = Release|Any CPU
		{E54F584C-76DF-42A0-A1A9-04C97879F54D}.Release|Any CPU.Build.0 = Release|Any CPU
		{E54F584C-76DF-42A0-A1A9-04C97879F54D}.Release|ARM.ActiveCfg = Release|Any CPU
		{E54F584C-76DF-42A0-A1A9-04C97879F54D}.Release|ARM.Build.0 = Release|Any CPU
		{E54F584C-76DF-42A0-A1A9-04C97879F54D}.Release|iPhone.ActiveCfg = Release|Any CPU
		{E54F584C-76DF-42A0-A1A9-04C97879F54D}.Release|iPhone.Build.0 = Release|Any CPU
		{E54F584C-76DF-42A0-A1A9-04C97879F54D}.Release|iPhoneSimulator.ActiveCfg = Release|Any CPU
		{E54F584C-76DF-42A0-A1A9-04C97879F54D}.Release|iPhoneSimulator.Build.0 = Release|Any CPU
		{E54F584C-76DF-42A0-A1A9-04C97879F54D}.Release|x86.ActiveCfg = Release|Any CPU
		{E54F584C-76DF-42A0-A1A9-04C97879F54D}.Release|x86.Build.0 = Release|Any CPU
		{3A25370B-23B0-4B82-8DEE-075CDD8E37D5}.Ad-Hoc|Any CPU.ActiveCfg = Release|Any CPU
		{3A25370B-23B0-4B82-8DEE-075CDD8E37D5}.Ad-Hoc|Any CPU.Build.0 = Release|Any CPU
		{3A25370B-23B0-4B82-8DEE-075CDD8E37D5}.Ad-Hoc|ARM.ActiveCfg = Release|Any CPU
		{3A25370B-23B0-4B82-8DEE-075CDD8E37D5}.Ad-Hoc|ARM.Build.0 = Release|Any CPU
		{3A25370B-23B0-4B82-8DEE-075CDD8E37D5}.Ad-Hoc|iPhone.ActiveCfg = Release|Any CPU
		{3A25370B-23B0-4B82-8DEE-075CDD8E37D5}.Ad-Hoc|iPhone.Build.0 = Release|Any CPU
		{3A25370B-23B0-4B82-8DEE-075CDD8E37D5}.Ad-Hoc|iPhoneSimulator.ActiveCfg = Release|Any CPU
		{3A25370B-23B0-4B82-8DEE-075CDD8E37D5}.Ad-Hoc|iPhoneSimulator.Build.0 = Release|Any CPU
		{3A25370B-23B0-4B82-8DEE-075CDD8E37D5}.Ad-Hoc|x86.ActiveCfg = Release|Any CPU
		{3A25370B-23B0-4B82-8DEE-075CDD8E37D5}.Ad-Hoc|x86.Build.0 = Release|Any CPU
		{3A25370B-23B0-4B82-8DEE-075CDD8E37D5}.AppStore|Any CPU.ActiveCfg = Release|Any CPU
		{3A25370B-23B0-4B82-8DEE-075CDD8E37D5}.AppStore|Any CPU.Build.0 = Release|Any CPU
		{3A25370B-23B0-4B82-8DEE-075CDD8E37D5}.AppStore|ARM.ActiveCfg = Release|Any CPU
		{3A25370B-23B0-4B82-8DEE-075CDD8E37D5}.AppStore|ARM.Build.0 = Release|Any CPU
		{3A25370B-23B0-4B82-8DEE-075CDD8E37D5}.AppStore|iPhone.ActiveCfg = Release|Any CPU
		{3A25370B-23B0-4B82-8DEE-075CDD8E37D5}.AppStore|iPhone.Build.0 = Release|Any CPU
		{3A25370B-23B0-4B82-8DEE-075CDD8E37D5}.AppStore|iPhoneSimulator.ActiveCfg = Release|Any CPU
		{3A25370B-23B0-4B82-8DEE-075CDD8E37D5}.AppStore|iPhoneSimulator.Build.0 = Release|Any CPU
		{3A25370B-23B0-4B82-8DEE-075CDD8E37D5}.AppStore|x86.ActiveCfg = Release|Any CPU
		{3A25370B-23B0-4B82-8DEE-075CDD8E37D5}.AppStore|x86.Build.0 = Release|Any CPU
		{3A25370B-23B0-4B82-8DEE-075CDD8E37D5}.Debug|Any CPU.ActiveCfg = Debug|Any CPU
		{3A25370B-23B0-4B82-8DEE-075CDD8E37D5}.Debug|Any CPU.Build.0 = Debug|Any CPU
		{3A25370B-23B0-4B82-8DEE-075CDD8E37D5}.Debug|ARM.ActiveCfg = Debug|Any CPU
		{3A25370B-23B0-4B82-8DEE-075CDD8E37D5}.Debug|ARM.Build.0 = Debug|Any CPU
		{3A25370B-23B0-4B82-8DEE-075CDD8E37D5}.Debug|iPhone.ActiveCfg = Debug|Any CPU
		{3A25370B-23B0-4B82-8DEE-075CDD8E37D5}.Debug|iPhoneSimulator.ActiveCfg = Debug|Any CPU
		{3A25370B-23B0-4B82-8DEE-075CDD8E37D5}.Debug|x86.ActiveCfg = Debug|Any CPU
		{3A25370B-23B0-4B82-8DEE-075CDD8E37D5}.Debug|x86.Build.0 = Debug|Any CPU
		{3A25370B-23B0-4B82-8DEE-075CDD8E37D5}.Release|Any CPU.ActiveCfg = Release|Any CPU
		{3A25370B-23B0-4B82-8DEE-075CDD8E37D5}.Release|Any CPU.Build.0 = Release|Any CPU
		{3A25370B-23B0-4B82-8DEE-075CDD8E37D5}.Release|ARM.ActiveCfg = Release|Any CPU
		{3A25370B-23B0-4B82-8DEE-075CDD8E37D5}.Release|ARM.Build.0 = Release|Any CPU
		{3A25370B-23B0-4B82-8DEE-075CDD8E37D5}.Release|iPhone.ActiveCfg = Release|Any CPU
		{3A25370B-23B0-4B82-8DEE-075CDD8E37D5}.Release|iPhone.Build.0 = Release|Any CPU
		{3A25370B-23B0-4B82-8DEE-075CDD8E37D5}.Release|iPhoneSimulator.ActiveCfg = Release|Any CPU
		{3A25370B-23B0-4B82-8DEE-075CDD8E37D5}.Release|iPhoneSimulator.Build.0 = Release|Any CPU
		{3A25370B-23B0-4B82-8DEE-075CDD8E37D5}.Release|x86.ActiveCfg = Release|Any CPU
		{3A25370B-23B0-4B82-8DEE-075CDD8E37D5}.Release|x86.Build.0 = Release|Any CPU
		{050543CD-167B-4533-84BC-E1F1BFD6129E}.Ad-Hoc|Any CPU.ActiveCfg = Debug|Any CPU
		{050543CD-167B-4533-84BC-E1F1BFD6129E}.Ad-Hoc|Any CPU.Build.0 = Debug|Any CPU
		{050543CD-167B-4533-84BC-E1F1BFD6129E}.Ad-Hoc|Any CPU.Deploy.0 = Debug|Any CPU
		{050543CD-167B-4533-84BC-E1F1BFD6129E}.Ad-Hoc|ARM.ActiveCfg = Debug|Any CPU
		{050543CD-167B-4533-84BC-E1F1BFD6129E}.Ad-Hoc|ARM.Build.0 = Debug|Any CPU
		{050543CD-167B-4533-84BC-E1F1BFD6129E}.Ad-Hoc|ARM.Deploy.0 = Debug|Any CPU
		{050543CD-167B-4533-84BC-E1F1BFD6129E}.Ad-Hoc|iPhone.ActiveCfg = Debug|Any CPU
		{050543CD-167B-4533-84BC-E1F1BFD6129E}.Ad-Hoc|iPhone.Build.0 = Debug|Any CPU
		{050543CD-167B-4533-84BC-E1F1BFD6129E}.Ad-Hoc|iPhone.Deploy.0 = Debug|Any CPU
		{050543CD-167B-4533-84BC-E1F1BFD6129E}.Ad-Hoc|iPhoneSimulator.ActiveCfg = Debug|Any CPU
		{050543CD-167B-4533-84BC-E1F1BFD6129E}.Ad-Hoc|iPhoneSimulator.Build.0 = Debug|Any CPU
		{050543CD-167B-4533-84BC-E1F1BFD6129E}.Ad-Hoc|iPhoneSimulator.Deploy.0 = Debug|Any CPU
		{050543CD-167B-4533-84BC-E1F1BFD6129E}.Ad-Hoc|x86.ActiveCfg = Debug|Any CPU
		{050543CD-167B-4533-84BC-E1F1BFD6129E}.Ad-Hoc|x86.Build.0 = Debug|Any CPU
		{050543CD-167B-4533-84BC-E1F1BFD6129E}.Ad-Hoc|x86.Deploy.0 = Debug|Any CPU
		{050543CD-167B-4533-84BC-E1F1BFD6129E}.AppStore|Any CPU.ActiveCfg = Debug|Any CPU
		{050543CD-167B-4533-84BC-E1F1BFD6129E}.AppStore|Any CPU.Build.0 = Debug|Any CPU
		{050543CD-167B-4533-84BC-E1F1BFD6129E}.AppStore|Any CPU.Deploy.0 = Debug|Any CPU
		{050543CD-167B-4533-84BC-E1F1BFD6129E}.AppStore|ARM.ActiveCfg = Debug|Any CPU
		{050543CD-167B-4533-84BC-E1F1BFD6129E}.AppStore|ARM.Build.0 = Debug|Any CPU
		{050543CD-167B-4533-84BC-E1F1BFD6129E}.AppStore|ARM.Deploy.0 = Debug|Any CPU
		{050543CD-167B-4533-84BC-E1F1BFD6129E}.AppStore|iPhone.ActiveCfg = Debug|Any CPU
		{050543CD-167B-4533-84BC-E1F1BFD6129E}.AppStore|iPhone.Build.0 = Debug|Any CPU
		{050543CD-167B-4533-84BC-E1F1BFD6129E}.AppStore|iPhone.Deploy.0 = Debug|Any CPU
		{050543CD-167B-4533-84BC-E1F1BFD6129E}.AppStore|iPhoneSimulator.ActiveCfg = Debug|Any CPU
		{050543CD-167B-4533-84BC-E1F1BFD6129E}.AppStore|iPhoneSimulator.Build.0 = Debug|Any CPU
		{050543CD-167B-4533-84BC-E1F1BFD6129E}.AppStore|iPhoneSimulator.Deploy.0 = Debug|Any CPU
		{050543CD-167B-4533-84BC-E1F1BFD6129E}.AppStore|x86.ActiveCfg = Debug|Any CPU
		{050543CD-167B-4533-84BC-E1F1BFD6129E}.AppStore|x86.Build.0 = Debug|Any CPU
		{050543CD-167B-4533-84BC-E1F1BFD6129E}.AppStore|x86.Deploy.0 = Debug|Any CPU
		{050543CD-167B-4533-84BC-E1F1BFD6129E}.Debug|Any CPU.ActiveCfg = Debug|Any CPU
		{050543CD-167B-4533-84BC-E1F1BFD6129E}.Debug|Any CPU.Build.0 = Debug|Any CPU
		{050543CD-167B-4533-84BC-E1F1BFD6129E}.Debug|Any CPU.Deploy.0 = Debug|Any CPU
		{050543CD-167B-4533-84BC-E1F1BFD6129E}.Debug|ARM.ActiveCfg = Debug|Any CPU
		{050543CD-167B-4533-84BC-E1F1BFD6129E}.Debug|ARM.Build.0 = Debug|Any CPU
		{050543CD-167B-4533-84BC-E1F1BFD6129E}.Debug|ARM.Deploy.0 = Debug|Any CPU
		{050543CD-167B-4533-84BC-E1F1BFD6129E}.Debug|iPhone.ActiveCfg = Debug|Any CPU
		{050543CD-167B-4533-84BC-E1F1BFD6129E}.Debug|iPhone.Build.0 = Debug|Any CPU
		{050543CD-167B-4533-84BC-E1F1BFD6129E}.Debug|iPhone.Deploy.0 = Debug|Any CPU
		{050543CD-167B-4533-84BC-E1F1BFD6129E}.Debug|iPhoneSimulator.ActiveCfg = Debug|Any CPU
		{050543CD-167B-4533-84BC-E1F1BFD6129E}.Debug|iPhoneSimulator.Build.0 = Debug|Any CPU
		{050543CD-167B-4533-84BC-E1F1BFD6129E}.Debug|iPhoneSimulator.Deploy.0 = Debug|Any CPU
		{050543CD-167B-4533-84BC-E1F1BFD6129E}.Debug|x86.ActiveCfg = Debug|Any CPU
		{050543CD-167B-4533-84BC-E1F1BFD6129E}.Debug|x86.Build.0 = Debug|Any CPU
		{050543CD-167B-4533-84BC-E1F1BFD6129E}.Debug|x86.Deploy.0 = Debug|Any CPU
		{050543CD-167B-4533-84BC-E1F1BFD6129E}.Release|Any CPU.ActiveCfg = Release|Any CPU
		{050543CD-167B-4533-84BC-E1F1BFD6129E}.Release|Any CPU.Build.0 = Release|Any CPU
		{050543CD-167B-4533-84BC-E1F1BFD6129E}.Release|Any CPU.Deploy.0 = Release|Any CPU
		{050543CD-167B-4533-84BC-E1F1BFD6129E}.Release|ARM.ActiveCfg = Release|Any CPU
		{050543CD-167B-4533-84BC-E1F1BFD6129E}.Release|ARM.Build.0 = Release|Any CPU
		{050543CD-167B-4533-84BC-E1F1BFD6129E}.Release|ARM.Deploy.0 = Release|Any CPU
		{050543CD-167B-4533-84BC-E1F1BFD6129E}.Release|iPhone.ActiveCfg = Release|Any CPU
		{050543CD-167B-4533-84BC-E1F1BFD6129E}.Release|iPhone.Build.0 = Release|Any CPU
		{050543CD-167B-4533-84BC-E1F1BFD6129E}.Release|iPhone.Deploy.0 = Release|Any CPU
		{050543CD-167B-4533-84BC-E1F1BFD6129E}.Release|iPhoneSimulator.ActiveCfg = Release|Any CPU
		{050543CD-167B-4533-84BC-E1F1BFD6129E}.Release|iPhoneSimulator.Build.0 = Release|Any CPU
		{050543CD-167B-4533-84BC-E1F1BFD6129E}.Release|iPhoneSimulator.Deploy.0 = Release|Any CPU
		{050543CD-167B-4533-84BC-E1F1BFD6129E}.Release|x86.ActiveCfg = Release|Any CPU
		{050543CD-167B-4533-84BC-E1F1BFD6129E}.Release|x86.Build.0 = Release|Any CPU
		{050543CD-167B-4533-84BC-E1F1BFD6129E}.Release|x86.Deploy.0 = Release|Any CPU
	EndGlobalSection
	GlobalSection(SolutionProperties) = preSolution
		HideSolutionNode = FALSE
	EndGlobalSection
	GlobalSection(ExtensibilityGlobals) = postSolution
		SolutionGuid = {1A91E940-57E8-48E0-9503-20E78A0B07C0}
	EndGlobalSection
	GlobalSection(MonoDevelopProperties) = preSolution
		Policies = $0
		$0.DotNetNamingPolicy = $1
		version = 1.01
	EndGlobalSection
EndGlobal
